
Microsoft Visual Studio Solution File, Format Version 12.00
# Visual Studio Version 16
VisualStudioVersion = 16.0.30413.136
MinimumVisualStudioVersion = 10.0.40219.1
Project("{FAE04EC0-301F-11D3-BF4B-00C04F79EFBC}") = "CAI_Ejercicio1", "CAI_Ejercicio1.csproj", "{58B6ABF9-EAAD-49ED-A230-C275BEA01FBA}"
EndProject
Global
	GlobalSection(SolutionConfigurationPlatforms) = preSolution
		Debug|Any CPU = Debug|Any CPU
		Release|Any CPU = Release|Any CPU
	EndGlobalSection
	GlobalSection(ProjectConfigurationPlatforms) = postSolution
		{58B6ABF9-EAAD-49ED-A230-C275BEA01FBA}.Debug|Any CPU.ActiveCfg = Debug|Any CPU
		{58B6ABF9-EAAD-49ED-A230-C275BEA01FBA}.Debug|Any CPU.Build.0 = Debug|Any CPU
		{58B6ABF9-EAAD-49ED-A230-C275BEA01FBA}.Release|Any CPU.ActiveCfg = Release|Any CPU
		{58B6ABF9-EAAD-49ED-A230-C275BEA01FBA}.Release|Any CPU.Build.0 = Release|Any CPU
	EndGlobalSection
	GlobalSection(SolutionProperties) = preSolution
		HideSolutionNode = FALSE
	EndGlobalSection
	GlobalSection(ExtensibilityGlobals) = postSolution
		SolutionGuid = {946C23C3-A724-4E77-A628-15940C4F92AB}
	EndGlobalSection
EndGlobal
